
Microsoft Visual Studio Solution File, Format Version 12.00
# Visual Studio 15
VisualStudioVersion = 15.0.28010.2026
MinimumVisualStudioVersion = 10.0.40219.1
Project("{FAE04EC0-301F-11D3-BF4B-00C04F79EFBC}") = "CalculatorLibrary", "CalculatorLibrary\CalculatorLibrary.csproj", "{26836D25-CF34-45E8-B45C-A2C1279BDC66}"
EndProject
Project("{FAE04EC0-301F-11D3-BF4B-00C04F79EFBC}") = "CalculatorTest", "CalculatorTest\CalculatorTest.csproj", "{DB74AD81-5E0D-4774-A67E-A5FA578D0ABF}"
EndProject
Global
	GlobalSection(SolutionConfigurationPlatforms) = preSolution
		Debug|Any CPU = Debug|Any CPU
		Release|Any CPU = Release|Any CPU
	EndGlobalSection
	GlobalSection(ProjectConfigurationPlatforms) = postSolution
		{26836D25-CF34-45E8-B45C-A2C1279BDC66}.Debug|Any CPU.ActiveCfg = Debug|Any CPU
		{26836D25-CF34-45E8-B45C-A2C1279BDC66}.Debug|Any CPU.Build.0 = Debug|Any CPU
		{26836D25-CF34-45E8-B45C-A2C1279BDC66}.Release|Any CPU.ActiveCfg = Release|Any CPU
		{26836D25-CF34-45E8-B45C-A2C1279BDC66}.Release|Any CPU.Build.0 = Release|Any CPU
		{DB74AD81-5E0D-4774-A67E-A5FA578D0ABF}.Debug|Any CPU.ActiveCfg = Debug|Any CPU
		{DB74AD81-5E0D-4774-A67E-A5FA578D0ABF}.Debug|Any CPU.Build.0 = Debug|Any CPU
		{DB74AD81-5E0D-4774-A67E-A5FA578D0ABF}.Release|Any CPU.ActiveCfg = Release|Any CPU
		{DB74AD81-5E0D-4774-A67E-A5FA578D0ABF}.Release|Any CPU.Build.0 = Release|Any CPU
	EndGlobalSection
	GlobalSection(SolutionProperties) = preSolution
		HideSolutionNode = FALSE
	EndGlobalSection
	GlobalSection(ExtensibilityGlobals) = postSolution
		SolutionGuid = {C7CDCE2B-D0F8-47F9-81FC-5D2CBFBDE9CA}
	EndGlobalSection
EndGlobal
